// !$*UTF8*$!
{
	archiveVersion = 1;
	classes = {
	};
	objectVersion = 77;
	objects = {

/* Begin PBXBuildFile section */
		0B49BF7ABE0B35E881069568 /* ChatViewModel.swift in Sources */ = {isa = PBXBuildFile; fileRef = 748A83D5CD1F307E95376E59 /* ChatViewModel.swift */; };
		15BEB4734BA905536BD7E5E6 /* CryptoManager.swift in Sources */ = {isa = PBXBuildFile; fileRef = 7C8D27FEC38CBFB98F76301E /* CryptoManager.swift */; };
		2F33995318DFF172C4AC88DB /* ProtoUtils.swift in Sources */ = {isa = PBXBuildFile; fileRef = FC7CC0CEFAE915D2D534C526 /* ProtoUtils.swift */; };
		2FDCECDE824DD870BA7FADE6 /* ImageViewerSheet.swift in Sources */ = {isa = PBXBuildFile; fileRef = 2CD01D400DEA560CA3FA0EDA /* ImageViewerSheet.swift */; };
		34B0772D259F60EC4820D29E /* TypingIndicatorView.swift in Sources */ = {isa = PBXBuildFile; fileRef = ABE0C066D562171066AFFCD1 /* TypingIndicatorView.swift */; };
		3A86FF508AC1EAFA71DCA4C4 /* ChatInputAreaView.swift in Sources */ = {isa = PBXBuildFile; fileRef = E40D5FA7BB9D7E649D423450 /* ChatInputAreaView.swift */; };
		476D7B9AE55EF7C854AADC39 /* ChatRoomView.swift in Sources */ = {isa = PBXBuildFile; fileRef = C721C3CB98589DBDEB09C4B1 /* ChatRoomView.swift */; };
		4D761746D1FE9B883923EEA1 /* CredentialStore.swift in Sources */ = {isa = PBXBuildFile; fileRef = 7E50FE60B1DCB9BCF9193DE2 /* CredentialStore.swift */; };
		5A824C616FD9EBAE14572D93 /* Models.swift in Sources */ = {isa = PBXBuildFile; fileRef = 48FFD2E19A89034CE7229A0E /* Models.swift */; };
		638C6740A13D628D148B6630 /* SwiftProtobuf in Frameworks */ = {isa = PBXBuildFile; productRef = 884A433C7A1D10DB97B4E970 /* SwiftProtobuf */; };
		67E4D08F91233175C1FB2CDE /* ReplyPreviewView.swift in Sources */ = {isa = PBXBuildFile; fileRef = 00A2A61646573929E0AC516B /* ReplyPreviewView.swift */; };
		6884E770824974980A575151 /* GRPCCore in Frameworks */ = {isa = PBXBuildFile; productRef = 76C2EED5D3D9AA45D2FD866E /* GRPCCore */; };
		689B8A33F7524DB13DDCFA00 /* GRPCNIOTransportHTTP2Posix in Frameworks */ = {isa = PBXBuildFile; productRef = 2CC3D717C2C79E259F72A7DB /* GRPCNIOTransportHTTP2Posix */; };
		71700926DEA52A7392A2DB56 /* ChatListView.swift in Sources */ = {isa = PBXBuildFile; fileRef = FB8AC52B09D5D87E910C534B /* ChatListView.swift */; };
		86F6CF89A440E19798FE2074 /* ReactionPickerView.swift in Sources */ = {isa = PBXBuildFile; fileRef = 6E881EE740CEA32B455ADD7B /* ReactionPickerView.swift */; };
		A07DCE62F6320997AE66E0A0 /* AuthView.swift in Sources */ = {isa = PBXBuildFile; fileRef = FED62050C6F89DD5C59CCC6E /* AuthView.swift */; };
		A7CA66F8DD2AFB3468ED35F7 /* messenger.grpc.swift in Sources */ = {isa = PBXBuildFile; fileRef = 0B4FA89FE47CB6DC114005C1 /* messenger.grpc.swift */; };
		BDA27F2978C885C4984324D4 /* AuthViewModel.swift in Sources */ = {isa = PBXBuildFile; fileRef = 7EFD60542A06862B23E5A405 /* AuthViewModel.swift */; };
		BE9EC52A0EE873CE20A9687F /* LavenderMessengerApp.swift in Sources */ = {isa = PBXBuildFile; fileRef = C3015FF3F2C4FDD845E831CD /* LavenderMessengerApp.swift */; };
		C0BC71D1F932E21649E00709 /* GRPCProtobuf in Frameworks */ = {isa = PBXBuildFile; productRef = DA256B704E85AB63BECFBBCE /* GRPCProtobuf */; };
		C4203747382B8B296528167E /* MessageBubbleView.swift in Sources */ = {isa = PBXBuildFile; fileRef = 6F758126E0FAEB46C4CE9FBE /* MessageBubbleView.swift */; };
		C445C708E4CAE1D30E3AC6FF /* SettingsViews.swift in Sources */ = {isa = PBXBuildFile; fileRef = F547C88EE6E2E5A614A99596 /* SettingsViews.swift */; };
		EF28FC8432412B0A4991D2EA /* messenger.pb.swift in Sources */ = {isa = PBXBuildFile; fileRef = ABAD89DECA491404BD61620B /* messenger.pb.swift */; };
		FF530BD58D4ACCBC9A2C207A /* GRPCManager.swift in Sources */ = {isa = PBXBuildFile; fileRef = 495F13475A80489C379BC4EF /* GRPCManager.swift */; };
/* End PBXBuildFile section */

/* Begin PBXFileReference section */
		00A2A61646573929E0AC516B /* ReplyPreviewView.swift */ = {isa = PBXFileReference; lastKnownFileType = sourcecode.swift; path = ReplyPreviewView.swift; sourceTree = "<group>"; };
		0B4FA89FE47CB6DC114005C1 /* messenger.grpc.swift */ = {isa = PBXFileReference; lastKnownFileType = sourcecode.swift; path = messenger.grpc.swift; sourceTree = "<group>"; };
		2CD01D400DEA560CA3FA0EDA /* ImageViewerSheet.swift */ = {isa = PBXFileReference; lastKnownFileType = sourcecode.swift; path = ImageViewerSheet.swift; sourceTree = "<group>"; };
		48FFD2E19A89034CE7229A0E /* Models.swift */ = {isa = PBXFileReference; lastKnownFileType = sourcecode.swift; path = Models.swift; sourceTree = "<group>"; };
		495F13475A80489C379BC4EF /* GRPCManager.swift */ = {isa = PBXFileReference; lastKnownFileType = sourcecode.swift; path = GRPCManager.swift; sourceTree = "<group>"; };
		6E881EE740CEA32B455ADD7B /* ReactionPickerView.swift */ = {isa = PBXFileReference; lastKnownFileType = sourcecode.swift; path = ReactionPickerView.swift; sourceTree = "<group>"; };
		6F758126E0FAEB46C4CE9FBE /* MessageBubbleView.swift */ = {isa = PBXFileReference; lastKnownFileType = sourcecode.swift; path = MessageBubbleView.swift; sourceTree = "<group>"; };
		748A83D5CD1F307E95376E59 /* ChatViewModel.swift */ = {isa = PBXFileReference; lastKnownFileType = sourcecode.swift; path = ChatViewModel.swift; sourceTree = "<group>"; };
		7C8D27FEC38CBFB98F76301E /* CryptoManager.swift */ = {isa = PBXFileReference; lastKnownFileType = sourcecode.swift; path = CryptoManager.swift; sourceTree = "<group>"; };
		7E50FE60B1DCB9BCF9193DE2 /* CredentialStore.swift */ = {isa = PBXFileReference; lastKnownFileType = sourcecode.swift; path = CredentialStore.swift; sourceTree = "<group>"; };
		7EFD60542A06862B23E5A405 /* AuthViewModel.swift */ = {isa = PBXFileReference; lastKnownFileType = sourcecode.swift; path = AuthViewModel.swift; sourceTree = "<group>"; };
		AA58F8675415B4928E11E228 /* LavenderMessenger.app */ = {isa = PBXFileReference; includeInIndex = 0; lastKnownFileType = wrapper.application; path = LavenderMessenger.app; sourceTree = BUILT_PRODUCTS_DIR; };
		ABAD89DECA491404BD61620B /* messenger.pb.swift */ = {isa = PBXFileReference; lastKnownFileType = sourcecode.swift; path = messenger.pb.swift; sourceTree = "<group>"; };
		ABE0C066D562171066AFFCD1 /* TypingIndicatorView.swift */ = {isa = PBXFileReference; lastKnownFileType = sourcecode.swift; path = TypingIndicatorView.swift; sourceTree = "<group>"; };
		C3015FF3F2C4FDD845E831CD /* LavenderMessengerApp.swift */ = {isa = PBXFileReference; lastKnownFileType = sourcecode.swift; path = LavenderMessengerApp.swift; sourceTree = "<group>"; };
		C721C3CB98589DBDEB09C4B1 /* ChatRoomView.swift */ = {isa = PBXFileReference; lastKnownFileType = sourcecode.swift; path = ChatRoomView.swift; sourceTree = "<group>"; };
		E40D5FA7BB9D7E649D423450 /* ChatInputAreaView.swift */ = {isa = PBXFileReference; lastKnownFileType = sourcecode.swift; path = ChatInputAreaView.swift; sourceTree = "<group>"; };
		F547C88EE6E2E5A614A99596 /* SettingsViews.swift */ = {isa = PBXFileReference; lastKnownFileType = sourcecode.swift; path = SettingsViews.swift; sourceTree = "<group>"; };
		FB8AC52B09D5D87E910C534B /* ChatListView.swift */ = {isa = PBXFileReference; lastKnownFileType = sourcecode.swift; path = ChatListView.swift; sourceTree = "<group>"; };
		FC7CC0CEFAE915D2D534C526 /* ProtoUtils.swift */ = {isa = PBXFileReference; lastKnownFileType = sourcecode.swift; path = ProtoUtils.swift; sourceTree = "<group>"; };
		FED62050C6F89DD5C59CCC6E /* AuthView.swift */ = {isa = PBXFileReference; lastKnownFileType = sourcecode.swift; path = AuthView.swift; sourceTree = "<group>"; };
/* End PBXFileReference section */

/* Begin PBXFrameworksBuildPhase section */
		D36886A4AA8DF0859D2DB4CA /* Frameworks */ = {
			isa = PBXFrameworksBuildPhase;
			buildActionMask = 2147483647;
			files = (
				6884E770824974980A575151 /* GRPCCore in Frameworks */,
				689B8A33F7524DB13DDCFA00 /* GRPCNIOTransportHTTP2Posix in Frameworks */,
				C0BC71D1F932E21649E00709 /* GRPCProtobuf in Frameworks */,
				638C6740A13D628D148B6630 /* SwiftProtobuf in Frameworks */,
			);
			runOnlyForDeploymentPostprocessing = 0;
		};
/* End PBXFrameworksBuildPhase section */

/* Begin PBXGroup section */
		0E1DBEE865E9C13B8A56233B /* LavenderMessengerLib */ = {
			isa = PBXGroup;
			children = (
				8DD70EB1F1CC8ABE46426888 /* BusinessLayer */,
				735278ED2A0CA3ED72FD2850 /* DataLayer */,
				A71E0155823AD7D49F78D295 /* Generated */,
				88B55CBCD785BAFE1D6FFA36 /* Models */,
				7F26F4689E78F06685E82DC4 /* UI */,
			);
			name = LavenderMessengerLib;
			path = Sources/LavenderMessengerLib;
			sourceTree = "<group>";
		};
		2A7FC04189C66CD584EF0B1C /* Products */ = {
			isa = PBXGroup;
			children = (
				AA58F8675415B4928E11E228 /* LavenderMessenger.app */,
			);
			name = Products;
			sourceTree = "<group>";
		};
		735278ED2A0CA3ED72FD2850 /* DataLayer */ = {
			isa = PBXGroup;
			children = (
				7E50FE60B1DCB9BCF9193DE2 /* CredentialStore.swift */,
				7C8D27FEC38CBFB98F76301E /* CryptoManager.swift */,
				495F13475A80489C379BC4EF /* GRPCManager.swift */,
				FC7CC0CEFAE915D2D534C526 /* ProtoUtils.swift */,
			);
			path = DataLayer;
			sourceTree = "<group>";
		};
		7F26F4689E78F06685E82DC4 /* UI */ = {
			isa = PBXGroup;
			children = (
				FED62050C6F89DD5C59CCC6E /* AuthView.swift */,
				FB8AC52B09D5D87E910C534B /* ChatListView.swift */,
				C721C3CB98589DBDEB09C4B1 /* ChatRoomView.swift */,
				F547C88EE6E2E5A614A99596 /* SettingsViews.swift */,
				8DF169C527AE2B5B8CA337F1 /* Components */,
			);
			path = UI;
			sourceTree = "<group>";
		};
		88B55CBCD785BAFE1D6FFA36 /* Models */ = {
			isa = PBXGroup;
			children = (
				48FFD2E19A89034CE7229A0E /* Models.swift */,
			);
			path = Models;
			sourceTree = "<group>";
		};
		8DD70EB1F1CC8ABE46426888 /* BusinessLayer */ = {
			isa = PBXGroup;
			children = (
				7EFD60542A06862B23E5A405 /* AuthViewModel.swift */,
				748A83D5CD1F307E95376E59 /* ChatViewModel.swift */,
			);
			path = BusinessLayer;
			sourceTree = "<group>";
		};
		8DF169C527AE2B5B8CA337F1 /* Components */ = {
			isa = PBXGroup;
			children = (
				E40D5FA7BB9D7E649D423450 /* ChatInputAreaView.swift */,
				2CD01D400DEA560CA3FA0EDA /* ImageViewerSheet.swift */,
				6F758126E0FAEB46C4CE9FBE /* MessageBubbleView.swift */,
				6E881EE740CEA32B455ADD7B /* ReactionPickerView.swift */,
				00A2A61646573929E0AC516B /* ReplyPreviewView.swift */,
				ABE0C066D562171066AFFCD1 /* TypingIndicatorView.swift */,
			);
			path = Components;
			sourceTree = "<group>";
		};
		90D293BBC81D380A0D372149 = {
			isa = PBXGroup;
			children = (
				C3015FF3F2C4FDD845E831CD /* LavenderMessengerApp.swift */,
				0E1DBEE865E9C13B8A56233B /* LavenderMessengerLib */,
				2A7FC04189C66CD584EF0B1C /* Products */,
			);
			sourceTree = "<group>";
		};
		A71E0155823AD7D49F78D295 /* Generated */ = {
			isa = PBXGroup;
			children = (
				0B4FA89FE47CB6DC114005C1 /* messenger.grpc.swift */,
				ABAD89DECA491404BD61620B /* messenger.pb.swift */,
			);
			path = Generated;
			sourceTree = "<group>";
		};
/* End PBXGroup section */

/* Begin PBXNativeTarget section */
		230B6E4316027F1E3D8B4B45 /* LavenderMessenger */ = {
			isa = PBXNativeTarget;
			buildConfigurationList = 072B250619ECC763A31F8072 /* Build configuration list for PBXNativeTarget "LavenderMessenger" */;
			buildPhases = (
				E81D0EFCC5F702D60B844A27 /* Sources */,
				D36886A4AA8DF0859D2DB4CA /* Frameworks */,
			);
			buildRules = (
			);
			dependencies = (
			);
			name = LavenderMessenger;
			packageProductDependencies = (
				76C2EED5D3D9AA45D2FD866E /* GRPCCore */,
				2CC3D717C2C79E259F72A7DB /* GRPCNIOTransportHTTP2Posix */,
				DA256B704E85AB63BECFBBCE /* GRPCProtobuf */,
				884A433C7A1D10DB97B4E970 /* SwiftProtobuf */,
			);
			productName = LavenderMessenger;
			productReference = AA58F8675415B4928E11E228 /* LavenderMessenger.app */;
			productType = "com.apple.product-type.application";
		};
/* End PBXNativeTarget section */

/* Begin PBXProject section */
		0956AC11055BF64A1253BF3C /* Project object */ = {
			isa = PBXProject;
			attributes = {
				BuildIndependentTargetsInParallel = YES;
				LastUpgradeCheck = 1430;
				TargetAttributes = {
					230B6E4316027F1E3D8B4B45 = {
						DevelopmentTeam = "";
						ProvisioningStyle = Automatic;
					};
				};
			};
			buildConfigurationList = 0DB971C7051384560116F920 /* Build configuration list for PBXProject "LavenderMessenger" */;
			developmentRegion = en;
			hasScannedForEncodings = 0;
			knownRegions = (
				Base,
				en,
			);
			mainGroup = 90D293BBC81D380A0D372149;
			minimizedProjectReferenceProxies = 1;
			packageReferences = (
				F9FAF4B10D75DDC9E2373143 /* XCRemoteSwiftPackageReference "grpc-swift" */,
				9F3CCC36C4B8B8F5DFEE345F /* XCRemoteSwiftPackageReference "grpc-swift-nio-transport" */,
				DB961C92AFAF6DD64CBB38B6 /* XCRemoteSwiftPackageReference "grpc-swift-protobuf" */,
				F9101E588BE97EEFB998B993 /* XCRemoteSwiftPackageReference "swift-protobuf" */,
			);
			preferredProjectObjectVersion = 77;
			productRefGroup = 2A7FC04189C66CD584EF0B1C /* Products */;
			projectDirPath = "";
			projectRoot = "";
			targets = (
				230B6E4316027F1E3D8B4B45 /* LavenderMessenger */,
			);
		};
/* End PBXProject section */

/* Begin PBXSourcesBuildPhase section */
		E81D0EFCC5F702D60B844A27 /* Sources */ = {
			isa = PBXSourcesBuildPhase;
			buildActionMask = 2147483647;
			files = (
				A07DCE62F6320997AE66E0A0 /* AuthView.swift in Sources */,
				BDA27F2978C885C4984324D4 /* AuthViewModel.swift in Sources */,
				3A86FF508AC1EAFA71DCA4C4 /* ChatInputAreaView.swift in Sources */,
				71700926DEA52A7392A2DB56 /* ChatListView.swift in Sources */,
				476D7B9AE55EF7C854AADC39 /* ChatRoomView.swift in Sources */,
				0B49BF7ABE0B35E881069568 /* ChatViewModel.swift in Sources */,
				4D761746D1FE9B883923EEA1 /* CredentialStore.swift in Sources */,
				15BEB4734BA905536BD7E5E6 /* CryptoManager.swift in Sources */,
				FF530BD58D4ACCBC9A2C207A /* GRPCManager.swift in Sources */,
				2FDCECDE824DD870BA7FADE6 /* ImageViewerSheet.swift in Sources */,
				BE9EC52A0EE873CE20A9687F /* LavenderMessengerApp.swift in Sources */,
				C4203747382B8B296528167E /* MessageBubbleView.swift in Sources */,
				5A824C616FD9EBAE14572D93 /* Models.swift in Sources */,
				2F33995318DFF172C4AC88DB /* ProtoUtils.swift in Sources */,
				86F6CF89A440E19798FE2074 /* ReactionPickerView.swift in Sources */,
				67E4D08F91233175C1FB2CDE /* ReplyPreviewView.swift in Sources */,
				C445C708E4CAE1D30E3AC6FF /* SettingsViews.swift in Sources */,
				34B0772D259F60EC4820D29E /* TypingIndicatorView.swift in Sources */,
				A7CA66F8DD2AFB3468ED35F7 /* messenger.grpc.swift in Sources */,
				EF28FC8432412B0A4991D2EA /* messenger.pb.swift in Sources */,
			);
			runOnlyForDeploymentPostprocessing = 0;
		};
/* End PBXSourcesBuildPhase section */

/* Begin XCBuildConfiguration section */
		0FF6E4BC03AAC65925424C62 /* Release */ = {
			isa = XCBuildConfiguration;
			buildSettings = {
				ASSETCATALOG_COMPILER_APPICON_NAME = AppIcon;
				CODE_SIGN_IDENTITY = "iPhone Developer";
				CODE_SIGN_STYLE = Automatic;
				DEVELOPMENT_TEAM = "";
				GENERATE_INFOPLIST_FILE = YES;
				IPHONEOS_DEPLOYMENT_TARGET = 18.0;
				LD_RUNPATH_SEARCH_PATHS = (
					"$(inherited)",
					"@executable_path/Frameworks",
				);
				PRODUCT_BUNDLE_IDENTIFIER = com.lavender.LavenderMessenger;
				SDKROOT = iphoneos;
				SWIFT_VERSION = 6.0;
				TARGETED_DEVICE_FAMILY = "1,2";
			};
			name = Release;
		};
		57696C3F521AE854773B832F /* Release */ = {
			isa = XCBuildConfiguration;
			buildSettings = {
				ALWAYS_SEARCH_USER_PATHS = NO;
				CLANG_ANALYZER_NONNULL = YES;
				CLANG_ANALYZER_NUMBER_OBJECT_CONVERSION = YES_AGGRESSIVE;
				CLANG_CXX_LANGUAGE_STANDARD = "gnu++14";
				CLANG_CXX_LIBRARY = "libc++";
				CLANG_ENABLE_MODULES = YES;
				CLANG_ENABLE_OBJC_ARC = YES;
				CLANG_ENABLE_OBJC_WEAK = YES;
				CLANG_WARN_BLOCK_CAPTURE_AUTORELEASING = YES;
				CLANG_WARN_BOOL_CONVERSION = YES;
				CLANG_WARN_COMMA = YES;
				CLANG_WARN_CONSTANT_CONVERSION = YES;
				CLANG_WARN_DEPRECATED_OBJC_IMPLEMENTATIONS = YES;
				CLANG_WARN_DIRECT_OBJC_ISA_USAGE = YES_ERROR;
				CLANG_WARN_DOCUMENTATION_COMMENTS = YES;
				CLANG_WARN_EMPTY_BODY = YES;
				CLANG_WARN_ENUM_CONVERSION = YES;
				CLANG_WARN_INFINITE_RECURSION = YES;
				CLANG_WARN_INT_CONVERSION = YES;
				CLANG_WARN_NON_LITERAL_NULL_CONVERSION = YES;
				CLANG_WARN_OBJC_IMPLICIT_RETAIN_SELF = YES;
				CLANG_WARN_OBJC_LITERAL_CONVERSION = YES;
				CLANG_WARN_OBJC_ROOT_CLASS = YES_ERROR;
				CLANG_WARN_QUOTED_INCLUDE_IN_FRAMEWORK_HEADER = YES;
				CLANG_WARN_RANGE_LOOP_ANALYSIS = YES;
				CLANG_WARN_STRICT_PROTOTYPES = YES;
				CLANG_WARN_SUSPICIOUS_MOVE = YES;
				CLANG_WARN_UNGUARDED_AVAILABILITY = YES_AGGRESSIVE;
				CLANG_WARN_UNREACHABLE_CODE = YES;
				CLANG_WARN__DUPLICATE_METHOD_MATCH = YES;
				COPY_PHASE_STRIP = NO;
				DEBUG_INFORMATION_FORMAT = "dwarf-with-dsym";
				ENABLE_NS_ASSERTIONS = NO;
				ENABLE_STRICT_OBJC_MSGSEND = YES;
				GCC_C_LANGUAGE_STANDARD = gnu11;
				GCC_NO_COMMON_BLOCKS = YES;
				GCC_WARN_64_TO_32_BIT_CONVERSION = YES;
				GCC_WARN_ABOUT_RETURN_TYPE = YES_ERROR;
				GCC_WARN_UNDECLARED_SELECTOR = YES;
				GCC_WARN_UNINITIALIZED_AUTOS = YES_AGGRESSIVE;
				GCC_WARN_UNUSED_FUNCTION = YES;
				GCC_WARN_UNUSED_VARIABLE = YES;
				IPHONEOS_DEPLOYMENT_TARGET = 18.0;
				MTL_ENABLE_DEBUG_INFO = NO;
				MTL_FAST_MATH = YES;
				PRODUCT_NAME = "$(TARGET_NAME)";
				SDKROOT = iphoneos;
				SWIFT_COMPILATION_MODE = wholemodule;
				SWIFT_OPTIMIZATION_LEVEL = "-O";
				SWIFT_VERSION = 5.0;
			};
			name = Release;
		};
		7AEB647E0D575EA5E5EBA0B8 /* Debug */ = {
			isa = XCBuildConfiguration;
			buildSettings = {
				ALWAYS_SEARCH_USER_PATHS = NO;
				CLANG_ANALYZER_NONNULL = YES;
				CLANG_ANALYZER_NUMBER_OBJECT_CONVERSION = YES_AGGRESSIVE;
				CLANG_CXX_LANGUAGE_STANDARD = "gnu++14";
				CLANG_CXX_LIBRARY = "libc++";
				CLANG_ENABLE_MODULES = YES;
				CLANG_ENABLE_OBJC_ARC = YES;
				CLANG_ENABLE_OBJC_WEAK = YES;
				CLANG_WARN_BLOCK_CAPTURE_AUTORELEASING = YES;
				CLANG_WARN_BOOL_CONVERSION = YES;
				CLANG_WARN_COMMA = YES;
				CLANG_WARN_CONSTANT_CONVERSION = YES;
				CLANG_WARN_DEPRECATED_OBJC_IMPLEMENTATIONS = YES;
				CLANG_WARN_DIRECT_OBJC_ISA_USAGE = YES_ERROR;
				CLANG_WARN_DOCUMENTATION_COMMENTS = YES;
				CLANG_WARN_EMPTY_BODY = YES;
				CLANG_WARN_ENUM_CONVERSION = YES;
				CLANG_WARN_INFINITE_RECURSION = YES;
				CLANG_WARN_INT_CONVERSION = YES;
				CLANG_WARN_NON_LITERAL_NULL_CONVERSION = YES;
				CLANG_WARN_OBJC_IMPLICIT_RETAIN_SELF = YES;
				CLANG_WARN_OBJC_LITERAL_CONVERSION = YES;
				CLANG_WARN_OBJC_ROOT_CLASS = YES_ERROR;
				CLANG_WARN_QUOTED_INCLUDE_IN_FRAMEWORK_HEADER = YES;
				CLANG_WARN_RANGE_LOOP_ANALYSIS = YES;
				CLANG_WARN_STRICT_PROTOTYPES = YES;
				CLANG_WARN_SUSPICIOUS_MOVE = YES;
				CLANG_WARN_UNGUARDED_AVAILABILITY = YES_AGGRESSIVE;
				CLANG_WARN_UNREACHABLE_CODE = YES;
				CLANG_WARN__DUPLICATE_METHOD_MATCH = YES;
				COPY_PHASE_STRIP = NO;
				DEBUG_INFORMATION_FORMAT = dwarf;
				ENABLE_STRICT_OBJC_MSGSEND = YES;
				ENABLE_TESTABILITY = YES;
				GCC_C_LANGUAGE_STANDARD = gnu11;
				GCC_DYNAMIC_NO_PIC = NO;
				GCC_NO_COMMON_BLOCKS = YES;
				GCC_OPTIMIZATION_LEVEL = 0;
				GCC_PREPROCESSOR_DEFINITIONS = (
					"$(inherited)",
					"DEBUG=1",
				);
				GCC_WARN_64_TO_32_BIT_CONVERSION = YES;
				GCC_WARN_ABOUT_RETURN_TYPE = YES_ERROR;
				GCC_WARN_UNDECLARED_SELECTOR = YES;
				GCC_WARN_UNINITIALIZED_AUTOS = YES_AGGRESSIVE;
				GCC_WARN_UNUSED_FUNCTION = YES;
				GCC_WARN_UNUSED_VARIABLE = YES;
				IPHONEOS_DEPLOYMENT_TARGET = 18.0;
				MTL_ENABLE_DEBUG_INFO = INCLUDE_SOURCE;
				MTL_FAST_MATH = YES;
				ONLY_ACTIVE_ARCH = YES;
				PRODUCT_NAME = "$(TARGET_NAME)";
				SDKROOT = iphoneos;
				SWIFT_ACTIVE_COMPILATION_CONDITIONS = DEBUG;
				SWIFT_OPTIMIZATION_LEVEL = "-Onone";
				SWIFT_VERSION = 5.0;
			};
			name = Debug;
		};
		872214FEC1ED2D80C8F5FEF3 /* Debug */ = {
			isa = XCBuildConfiguration;
			buildSettings = {
				ASSETCATALOG_COMPILER_APPICON_NAME = AppIcon;
				CODE_SIGN_IDENTITY = "iPhone Developer";
				CODE_SIGN_STYLE = Automatic;
				DEVELOPMENT_TEAM = "";
				GENERATE_INFOPLIST_FILE = YES;
				IPHONEOS_DEPLOYMENT_TARGET = 18.0;
				LD_RUNPATH_SEARCH_PATHS = (
					"$(inherited)",
					"@executable_path/Frameworks",
				);
				PRODUCT_BUNDLE_IDENTIFIER = com.lavender.LavenderMessenger;
				SDKROOT = iphoneos;
				SWIFT_VERSION = 6.0;
				TARGETED_DEVICE_FAMILY = "1,2";
			};
			name = Debug;
		};
/* End XCBuildConfiguration section */

/* Begin XCConfigurationList section */
		072B250619ECC763A31F8072 /* Build configuration list for PBXNativeTarget "LavenderMessenger" */ = {
			isa = XCConfigurationList;
			buildConfigurations = (
				872214FEC1ED2D80C8F5FEF3 /* Debug */,
				0FF6E4BC03AAC65925424C62 /* Release */,
			);
			defaultConfigurationIsVisible = 0;
			defaultConfigurationName = Debug;
		};
		0DB971C7051384560116F920 /* Build configuration list for PBXProject "LavenderMessenger" */ = {
			isa = XCConfigurationList;
			buildConfigurations = (
				7AEB647E0D575EA5E5EBA0B8 /* Debug */,
				57696C3F521AE854773B832F /* Release */,
			);
			defaultConfigurationIsVisible = 0;
			defaultConfigurationName = Debug;
		};
/* End XCConfigurationList section */

/* Begin XCRemoteSwiftPackageReference section */
		9F3CCC36C4B8B8F5DFEE345F /* XCRemoteSwiftPackageReference "grpc-swift-nio-transport" */ = {
			isa = XCRemoteSwiftPackageReference;
			repositoryURL = "https://github.com/grpc/grpc-swift-nio-transport.git";
			requirement = {
				kind = upToNextMajorVersion;
				minimumVersion = 1.0.0;
			};
		};
		DB961C92AFAF6DD64CBB38B6 /* XCRemoteSwiftPackageReference "grpc-swift-protobuf" */ = {
			isa = XCRemoteSwiftPackageReference;
			repositoryURL = "https://github.com/grpc/grpc-swift-protobuf.git";
			requirement = {
				kind = upToNextMajorVersion;
				minimumVersion = 1.0.0;
			};
		};
		F9101E588BE97EEFB998B993 /* XCRemoteSwiftPackageReference "swift-protobuf" */ = {
			isa = XCRemoteSwiftPackageReference;
			repositoryURL = "https://github.com/apple/swift-protobuf.git";
			requirement = {
				kind = upToNextMajorVersion;
				minimumVersion = 1.28.0;
			};
		};
		F9FAF4B10D75DDC9E2373143 /* XCRemoteSwiftPackageReference "grpc-swift" */ = {
			isa = XCRemoteSwiftPackageReference;
			repositoryURL = "https://github.com/grpc/grpc-swift.git";
			requirement = {
				kind = upToNextMajorVersion;
				minimumVersion = 2.0.0;
			};
		};
/* End XCRemoteSwiftPackageReference section */

/* Begin XCSwiftPackageProductDependency section */
		2CC3D717C2C79E259F72A7DB /* GRPCNIOTransportHTTP2Posix */ = {
			isa = XCSwiftPackageProductDependency;
			package = 9F3CCC36C4B8B8F5DFEE345F /* XCRemoteSwiftPackageReference "grpc-swift-nio-transport" */;
			productName = GRPCNIOTransportHTTP2Posix;
		};
		76C2EED5D3D9AA45D2FD866E /* GRPCCore */ = {
			isa = XCSwiftPackageProductDependency;
			package = F9FAF4B10D75DDC9E2373143 /* XCRemoteSwiftPackageReference "grpc-swift" */;
			productName = GRPCCore;
		};
		884A433C7A1D10DB97B4E970 /* SwiftProtobuf */ = {
			isa = XCSwiftPackageProductDependency;
			package = F9101E588BE97EEFB998B993 /* XCRemoteSwiftPackageReference "swift-protobuf" */;
			productName = SwiftProtobuf;
		};
		DA256B704E85AB63BECFBBCE /* GRPCProtobuf */ = {
			isa = XCSwiftPackageProductDependency;
			package = DB961C92AFAF6DD64CBB38B6 /* XCRemoteSwiftPackageReference "grpc-swift-protobuf" */;
			productName = GRPCProtobuf;
		};
/* End XCSwiftPackageProductDependency section */
	};
	rootObject = 0956AC11055BF64A1253BF3C /* Project object */;
}
